
Microsoft Visual Studio Solution File, Format Version 12.00
# Visual Studio Version 17
VisualStudioVersion = 17.1.32328.378
MinimumVisualStudioVersion = 10.0.40219.1
Project("{FAE04EC0-301F-11D3-BF4B-00C04F79EFBC}") = "ConsoleApp_VendingMachine", "ConsoleApp_VendingMachine.csproj", "{70CA8688-EB33-48B7-9313-5AE3BC7982DB}"
EndProject
Global
	GlobalSection(SolutionConfigurationPlatforms) = preSolution
		Debug|Any CPU = Debug|Any CPU
		Release|Any CPU = Release|Any CPU
	EndGlobalSection
	GlobalSection(ProjectConfigurationPlatforms) = postSolution
		{70CA8688-EB33-48B7-9313-5AE3BC7982DB}.Debug|Any CPU.ActiveCfg = Debug|Any CPU
		{70CA8688-EB33-48B7-9313-5AE3BC7982DB}.Debug|Any CPU.Build.0 = Debug|Any CPU
		{70CA8688-EB33-48B7-9313-5AE3BC7982DB}.Release|Any CPU.ActiveCfg = Release|Any CPU
		{70CA8688-EB33-48B7-9313-5AE3BC7982DB}.Release|Any CPU.Build.0 = Release|Any CPU
	EndGlobalSection
	GlobalSection(SolutionProperties) = preSolution
		HideSolutionNode = FALSE
	EndGlobalSection
	GlobalSection(ExtensibilityGlobals) = postSolution
		SolutionGuid = {46144EB1-874F-4C77-82A6-3C59FEE1489D}
	EndGlobalSection
EndGlobal
