
Microsoft Visual Studio Solution File, Format Version 12.00
# Visual Studio Version 17
VisualStudioVersion = 17.1.32328.378
MinimumVisualStudioVersion = 10.0.40219.1
Project("{FAE04EC0-301F-11D3-BF4B-00C04F79EFBC}") = "ConsoleApp_BaggageHandling", "ConsoleApp_BaggageHandling.csproj", "{E97F927C-B067-4D81-BD32-DD939E6D61AC}"
EndProject
Global
	GlobalSection(SolutionConfigurationPlatforms) = preSolution
		Debug|Any CPU = Debug|Any CPU
		Release|Any CPU = Release|Any CPU
	EndGlobalSection
	GlobalSection(ProjectConfigurationPlatforms) = postSolution
		{E97F927C-B067-4D81-BD32-DD939E6D61AC}.Debug|Any CPU.ActiveCfg = Debug|Any CPU
		{E97F927C-B067-4D81-BD32-DD939E6D61AC}.Debug|Any CPU.Build.0 = Debug|Any CPU
		{E97F927C-B067-4D81-BD32-DD939E6D61AC}.Release|Any CPU.ActiveCfg = Release|Any CPU
		{E97F927C-B067-4D81-BD32-DD939E6D61AC}.Release|Any CPU.Build.0 = Release|Any CPU
	EndGlobalSection
	GlobalSection(SolutionProperties) = preSolution
		HideSolutionNode = FALSE
	EndGlobalSection
	GlobalSection(ExtensibilityGlobals) = postSolution
		SolutionGuid = {DDF1C67E-FE94-445D-B9C3-8233F69BB1DB}
	EndGlobalSection
EndGlobal
